
Microsoft Visual Studio Solution File, Format Version 12.00
# Visual Studio 15
VisualStudioVersion = 15.0.28307.106
MinimumVisualStudioVersion = 10.0.40219.1
Project("{FAE04EC0-301F-11D3-BF4B-00C04F79EFBC}") = "RemoveDuplicatesFromLinkedList", "RemoveDuplicatesFromLinkedList\RemoveDuplicatesFromLinkedList.csproj", "{2329AC20-D0A2-4E49-92D9-7568062EDBF4}"
EndProject
Global
	GlobalSection(SolutionConfigurationPlatforms) = preSolution
		Debug|Any CPU = Debug|Any CPU
		Release|Any CPU = Release|Any CPU
	EndGlobalSection
	GlobalSection(ProjectConfigurationPlatforms) = postSolution
		{2329AC20-D0A2-4E49-92D9-7568062EDBF4}.Debug|Any CPU.ActiveCfg = Debug|Any CPU
		{2329AC20-D0A2-4E49-92D9-7568062EDBF4}.Debug|Any CPU.Build.0 = Debug|Any CPU
		{2329AC20-D0A2-4E49-92D9-7568062EDBF4}.Release|Any CPU.ActiveCfg = Release|Any CPU
		{2329AC20-D0A2-4E49-92D9-7568062EDBF4}.Release|Any CPU.Build.0 = Release|Any CPU
	EndGlobalSection
	GlobalSection(SolutionProperties) = preSolution
		HideSolutionNode = FALSE
	EndGlobalSection
	GlobalSection(ExtensibilityGlobals) = postSolution
		SolutionGuid = {B46CCD10-9BCD-4F84-A321-89F936A7540A}
	EndGlobalSection
EndGlobal
